info:
  category: other network security
  company: eyeo GmbH
  cpe: ''
  product: adblock
  server: nginx
  tags: []
rules:
- dsl: (((!icontains(banner,"couchdb") && !icontains(banner,"drupal")) && icontains(banner,"x-adblock-key"))
    || (!icontains(banner,"drupal") && icontains(banner,"x-adblock-key")))
  method: GET
  
